{
  "name": "twill-api",
  "lockfileVersion": 2,
  "requires": true,
  "packages": {
    "": {
      "dependencies": {
        "@prettier/plugin-php": "^0.17.3",
        "prettier": "^2.3.2"
      }
    },
    "node_modules/@prettier/plugin-php": {
      "version": "0.17.3",
      "resolved": "https://registry.npmjs.org/@prettier/plugin-php/-/plugin-php-0.17.3.tgz",
      "integrity": "sha512-kD5IrGyKWF/p3XActVZ+GfbMl9knoK3XKBTG2bytpOtCO0+Q8eozimSgk/493rgFkXL3W2Ap/4GKgZf7u64+ow==",
      "dependencies": {
        "linguist-languages": "^7.5.1",
        "mem": "^8.0.0",
        "php-parser": "git+https://github.com/glayzzle/php-parser.git#e61e26102144f267ecf5e09020865a9baa6ca2f1"
      },
      "peerDependencies": {
        "prettier": "^1.15.0 || ^2.0.0"
      }
    },
    "node_modules/linguist-languages": {
      "version": "7.15.0",
      "resolved": "https://registry.npmjs.org/linguist-languages/-/linguist-languages-7.15.0.tgz",
      "integrity": "sha512-qkSSNDjDDycZ2Wcw+GziNBB3nNo3ddYUInM/PL8Amgwbd9RQ/BKGj2/1d6mdxKgBFnUqZuaDbkIwkE4KUwwmtQ=="
    },
    "node_modules/map-age-cleaner": {
      "version": "0.1.3",
      "resolved": "https://registry.npmjs.org/map-age-cleaner/-/map-age-cleaner-0.1.3.tgz",
      "integrity": "sha512-bJzx6nMoP6PDLPBFmg7+xRKeFZvFboMrGlxmNj9ClvX53KrmvM5bXFXEWjbz4cz1AFn+jWJ9z/DJSz7hrs0w3w==",
      "dependencies": {
        "p-defer": "^1.0.0"
      },
      "engines": {
        "node": ">=6"
      }
    },
    "node_modules/mem": {
      "version": "8.1.1",
      "resolved": "https://registry.npmjs.org/mem/-/mem-8.1.1.tgz",
      "integrity": "sha512-qFCFUDs7U3b8mBDPyz5EToEKoAkgCzqquIgi9nkkR9bixxOVOre+09lbuH7+9Kn2NFpm56M3GUWVbU2hQgdACA==",
      "dependencies": {
        "map-age-cleaner": "^0.1.3",
        "mimic-fn": "^3.1.0"
      },
      "engines": {
        "node": ">=10"
      },
      "funding": {
        "url": "https://github.com/sindresorhus/mem?sponsor=1"
      }
    },
    "node_modules/mimic-fn": {
      "version": "3.1.0",
      "resolved": "https://registry.npmjs.org/mimic-fn/-/mimic-fn-3.1.0.tgz",
      "integrity": "sha512-Ysbi9uYW9hFyfrThdDEQuykN4Ey6BuwPD2kpI5ES/nFTDn/98yxYNLZJcgUAKPT/mcrLLKaGzJR9YVxJrIdASQ==",
      "engines": {
        "node": ">=8"
      }
    },
    "node_modules/p-defer": {
      "version": "1.0.0",
      "resolved": "https://registry.npmjs.org/p-defer/-/p-defer-1.0.0.tgz",
      "integrity": "sha1-n26xgvbJqozXQwBKfU+WsZaw+ww=",
      "engines": {
        "node": ">=4"
      }
    },
    "node_modules/php-parser": {
      "version": "3.0.2",
      "resolved": "git+ssh://git@github.com/glayzzle/php-parser.git#e61e26102144f267ecf5e09020865a9baa6ca2f1",
      "integrity": "sha512-UAqZS0uEpa6wzDLGw7kfHiJhlMP/dX0HfSqSdqlTcNeuTl9s1VuVuwm/R375XfRm3gYkwfDkfZBJSWSq2EFG/Q==",
      "license": "BSD-3-Clause"
    },
    "node_modules/prettier": {
      "version": "2.3.2",
      "resolved": "https://registry.npmjs.org/prettier/-/prettier-2.3.2.tgz",
      "integrity": "sha512-lnJzDfJ66zkMy58OL5/NY5zp70S7Nz6KqcKkXYzn2tMVrNxvbqaBpg7H3qHaLxCJ5lNMsGuM8+ohS7cZrthdLQ==",
      "bin": {
        "prettier": "bin-prettier.js"
      },
      "engines": {
        "node": ">=10.13.0"
      }
    }
  },
  "dependencies": {
    "@prettier/plugin-php": {
      "version": "0.17.3",
      "resolved": "https://registry.npmjs.org/@prettier/plugin-php/-/plugin-php-0.17.3.tgz",
      "integrity": "sha512-kD5IrGyKWF/p3XActVZ+GfbMl9knoK3XKBTG2bytpOtCO0+Q8eozimSgk/493rgFkXL3W2Ap/4GKgZf7u64+ow==",
      "requires": {
        "linguist-languages": "^7.5.1",
        "mem": "^8.0.0",
        "php-parser": "git+https://github.com/glayzzle/php-parser.git#e61e26102144f267ecf5e09020865a9baa6ca2f1"
      }
    },
    "linguist-languages": {
      "version": "7.15.0",
      "resolved": "https://registry.npmjs.org/linguist-languages/-/linguist-languages-7.15.0.tgz",
      "integrity": "sha512-qkSSNDjDDycZ2Wcw+GziNBB3nNo3ddYUInM/PL8Amgwbd9RQ/BKGj2/1d6mdxKgBFnUqZuaDbkIwkE4KUwwmtQ=="
    },
    "map-age-cleaner": {
      "version": "0.1.3",
      "resolved": "https://registry.npmjs.org/map-age-cleaner/-/map-age-cleaner-0.1.3.tgz",
      "integrity": "sha512-bJzx6nMoP6PDLPBFmg7+xRKeFZvFboMrGlxmNj9ClvX53KrmvM5bXFXEWjbz4cz1AFn+jWJ9z/DJSz7hrs0w3w==",
      "requires": {
        "p-defer": "^1.0.0"
      }
    },
    "mem": {
      "version": "8.1.1",
      "resolved": "https://registry.npmjs.org/mem/-/mem-8.1.1.tgz",
      "integrity": "sha512-qFCFUDs7U3b8mBDPyz5EToEKoAkgCzqquIgi9nkkR9bixxOVOre+09lbuH7+9Kn2NFpm56M3GUWVbU2hQgdACA==",
      "requires": {
        "map-age-cleaner": "^0.1.3",
        "mimic-fn": "^3.1.0"
      }
    },
    "mimic-fn": {
      "version": "3.1.0",
      "resolved": "https://registry.npmjs.org/mimic-fn/-/mimic-fn-3.1.0.tgz",
      "integrity": "sha512-Ysbi9uYW9hFyfrThdDEQuykN4Ey6BuwPD2kpI5ES/nFTDn/98yxYNLZJcgUAKPT/mcrLLKaGzJR9YVxJrIdASQ=="
    },
    "p-defer": {
      "version": "1.0.0",
      "resolved": "https://registry.npmjs.org/p-defer/-/p-defer-1.0.0.tgz",
      "integrity": "sha1-n26xgvbJqozXQwBKfU+WsZaw+ww="
    },
    "php-parser": {
      "version": "git+ssh://git@github.com/glayzzle/php-parser.git#e61e26102144f267ecf5e09020865a9baa6ca2f1",
      "integrity": "sha512-UAqZS0uEpa6wzDLGw7kfHiJhlMP/dX0HfSqSdqlTcNeuTl9s1VuVuwm/R375XfRm3gYkwfDkfZBJSWSq2EFG/Q==",
      "from": "php-parser@git+https://github.com/glayzzle/php-parser.git#e61e26102144f267ecf5e09020865a9baa6ca2f1"
    },
    "prettier": {
      "version": "2.3.2",
      "resolved": "https://registry.npmjs.org/prettier/-/prettier-2.3.2.tgz",
      "integrity": "sha512-lnJzDfJ66zkMy58OL5/NY5zp70S7Nz6KqcKkXYzn2tMVrNxvbqaBpg7H3qHaLxCJ5lNMsGuM8+ohS7cZrthdLQ=="
    }
  }
}
